
Microsoft Visual Studio Solution File, Format Version 12.00
# Visual Studio Version 17
VisualStudioVersion = 17.6.33815.320
MinimumVisualStudioVersion = 10.0.40219.1
Project("{FAE04EC0-301F-11D3-BF4B-00C04F79EFBC}") = "ConsoleApp1", "ConsoleApp1\ConsoleApp1.csproj", "{BE6D73D2-20EB-467C-8367-1B1EC5F331D7}"
EndProject
Global
	GlobalSection(SolutionConfigurationPlatforms) = preSolution
		Debug|Any CPU = Debug|Any CPU
		Release|Any CPU = Release|Any CPU
	EndGlobalSection
	GlobalSection(ProjectConfigurationPlatforms) = postSolution
		{BE6D73D2-20EB-467C-8367-1B1EC5F331D7}.Debug|Any CPU.ActiveCfg = Debug|Any CPU
		{BE6D73D2-20EB-467C-8367-1B1EC5F331D7}.Debug|Any CPU.Build.0 = Debug|Any CPU
		{BE6D73D2-20EB-467C-8367-1B1EC5F331D7}.Release|Any CPU.ActiveCfg = Release|Any CPU
		{BE6D73D2-20EB-467C-8367-1B1EC5F331D7}.Release|Any CPU.Build.0 = Release|Any CPU
	EndGlobalSection
	GlobalSection(SolutionProperties) = preSolution
		HideSolutionNode = FALSE
	EndGlobalSection
	GlobalSection(ExtensibilityGlobals) = postSolution
		SolutionGuid = {7640FE88-D9A5-43E9-9CF7-30AFCB605236}
	EndGlobalSection
EndGlobal
